
Microsoft Visual Studio Solution File, Format Version 12.00
# Visual Studio Version 17
VisualStudioVersion = 17.7.34031.279
MinimumVisualStudioVersion = 10.0.40219.1
Project("{FAE04EC0-301F-11D3-BF4B-00C04F79EFBC}") = "SchoolProject.Api", "SchoolProject.Api\SchoolProject.Api.csproj", "{485895AB-2CDA-4F50-8D34-A4B2F6AA7EA3}"
EndProject
Project("{FAE04EC0-301F-11D3-BF4B-00C04F79EFBC}") = "SchoolProject.Data", "SchoolProject.Data\SchoolProject.Data.csproj", "{91F9592D-1D77-4C8C-AFFD-1EC118049C6F}"
EndProject
Project("{FAE04EC0-301F-11D3-BF4B-00C04F79EFBC}") = "SchoolProject.Infrustructure", "SchoolProject.infrustructure\SchoolProject.Infrustructure.csproj", "{7CD5C592-FAFE-4B81-B1A8-141C2CE37750}"
EndProject
Project("{FAE04EC0-301F-11D3-BF4B-00C04F79EFBC}") = "SchoolProject.Service", "SchoolProject.Service\SchoolProject.Service.csproj", "{08CC4331-A345-458C-80A2-2146E7EC8AE3}"
EndProject
Project("{FAE04EC0-301F-11D3-BF4B-00C04F79EFBC}") = "SchoolProject.Core", "SchoolProject.Core\SchoolProject.Core.csproj", "{52BB9F50-9BFD-4019-A49F-CB6635CFF8E5}"
EndProject
Global
	GlobalSection(SolutionConfigurationPlatforms) = preSolution
		Debug|Any CPU = Debug|Any CPU
		Release|Any CPU = Release|Any CPU
	EndGlobalSection
	GlobalSection(ProjectConfigurationPlatforms) = postSolution
		{485895AB-2CDA-4F50-8D34-A4B2F6AA7EA3}.Debug|Any CPU.ActiveCfg = Debug|Any CPU
		{485895AB-2CDA-4F50-8D34-A4B2F6AA7EA3}.Debug|Any CPU.Build.0 = Debug|Any CPU
		{485895AB-2CDA-4F50-8D34-A4B2F6AA7EA3}.Release|Any CPU.ActiveCfg = Release|Any CPU
		{485895AB-2CDA-4F50-8D34-A4B2F6AA7EA3}.Release|Any CPU.Build.0 = Release|Any CPU
		{91F9592D-1D77-4C8C-AFFD-1EC118049C6F}.Debug|Any CPU.ActiveCfg = Debug|Any CPU
		{91F9592D-1D77-4C8C-AFFD-1EC118049C6F}.Debug|Any CPU.Build.0 = Debug|Any CPU
		{91F9592D-1D77-4C8C-AFFD-1EC118049C6F}.Release|Any CPU.ActiveCfg = Release|Any CPU
		{91F9592D-1D77-4C8C-AFFD-1EC118049C6F}.Release|Any CPU.Build.0 = Release|Any CPU
		{7CD5C592-FAFE-4B81-B1A8-141C2CE37750}.Debug|Any CPU.ActiveCfg = Debug|Any CPU
		{7CD5C592-FAFE-4B81-B1A8-141C2CE37750}.Debug|Any CPU.Build.0 = Debug|Any CPU
		{7CD5C592-FAFE-4B81-B1A8-141C2CE37750}.Release|Any CPU.ActiveCfg = Release|Any CPU
		{7CD5C592-FAFE-4B81-B1A8-141C2CE37750}.Release|Any CPU.Build.0 = Release|Any CPU
		{08CC4331-A345-458C-80A2-2146E7EC8AE3}.Debug|Any CPU.ActiveCfg = Debug|Any CPU
		{08CC4331-A345-458C-80A2-2146E7EC8AE3}.Debug|Any CPU.Build.0 = Debug|Any CPU
		{08CC4331-A345-458C-80A2-2146E7EC8AE3}.Release|Any CPU.ActiveCfg = Release|Any CPU
		{08CC4331-A345-458C-80A2-2146E7EC8AE3}.Release|Any CPU.Build.0 = Release|Any CPU
		{52BB9F50-9BFD-4019-A49F-CB6635CFF8E5}.Debug|Any CPU.ActiveCfg = Debug|Any CPU
		{52BB9F50-9BFD-4019-A49F-CB6635CFF8E5}.Debug|Any CPU.Build.0 = Debug|Any CPU
		{52BB9F50-9BFD-4019-A49F-CB6635CFF8E5}.Release|Any CPU.ActiveCfg = Release|Any CPU
		{52BB9F50-9BFD-4019-A49F-CB6635CFF8E5}.Release|Any CPU.Build.0 = Release|Any CPU
	EndGlobalSection
	GlobalSection(SolutionProperties) = preSolution
		HideSolutionNode = FALSE
	EndGlobalSection
	GlobalSection(ExtensibilityGlobals) = postSolution
		SolutionGuid = {066986F6-9343-4DC9-8EAA-AC794DC01E0D}
	EndGlobalSection
EndGlobal
